{
  "name": "app-yaml-overwrite-polyglot",
  "version": "0.1.0",
  "lockfileVersion": 3,
  "requires": true,
  "packages": {
    "": {
      "name": "app-yaml-overwrite-polyglot",
      "version": "0.1.0",
      "license": "MIT",
      "workspaces": [
        "packages/engine-mjs",
        "packages/applier-mjs"
      ],
      "engines": {
        "node": ">=20"
      }
    },
    "../mta-ployglot-pkg-env-resolve/packages/ts": {
      "name": "@org/env-resolve",
      "version": "0.1.0",
      "license": "MIT",
      "devDependencies": {
        "@types/node": "^20.0.0",
        "tsx": "^4.0.0",
        "typescript": "^5.0.0"
      },
      "engines": {
        "node": ">=20"
      }
    },
    "node_modules/@org/env-resolve": {
      "resolved": "../mta-ployglot-pkg-env-resolve/packages/ts",
      "link": true
    },
    "node_modules/@ployglot/app-yaml-from-context": {
      "resolved": "packages/applier-mjs",
      "link": true
    },
    "node_modules/@ployglot/runtime-template-resolver": {
      "resolved": "packages/engine-mjs",
      "link": true
    },
    "node_modules/lodash": {
      "version": "4.18.1",
      "resolved": "http://localhost:4873/lodash/-/lodash-4.18.1.tgz",
      "integrity": "sha512-dMInicTPVE8d1e5otfwmmjlxkZoUpiVLwyeTdUsi/Caj/gfzzblBcCE5sRHV/AsjuCmxWrte2TNGSYuCeCq+0Q==",
      "license": "MIT"
    },
    "packages/applier-mjs": {
      "name": "@ployglot/app-yaml-from-context",
      "version": "0.1.0",
      "license": "MIT",
      "dependencies": {
        "@ployglot/runtime-template-resolver": "^0.1.0"
      },
      "engines": {
        "node": ">=20"
      }
    },
    "packages/engine-mjs": {
      "name": "@ployglot/runtime-template-resolver",
      "version": "0.1.0",
      "license": "MIT",
      "dependencies": {
        "@org/env-resolve": "file:../../../mta-ployglot-pkg-env-resolve/packages/ts",
        "lodash": "^4.17.21"
      },
      "engines": {
        "node": ">=20"
      }
    }
  }
}
