{
  "name": "@ployglot/app-yaml-config",
  "version": "0.1.0",
  "lockfileVersion": 3,
  "requires": true,
  "packages": {
    "": {
      "name": "@ployglot/app-yaml-config",
      "version": "0.1.0",
      "engines": {
        "node": ">=20"
      },
      "peerDependencies": {
        "app-yaml-loader": "^0.1.0"
      },
      "peerDependenciesMeta": {
        "app-yaml-loader": {
          "optional": true
        }
      }
    }
  }
}
